{
  "requires": true,
  "lockfileVersion": 1,
  "dependencies": {
    "nielsen-style": {
      "version": "1.0.1",
      "resolved": "https://registry.npmjs.org/nielsen-style/-/nielsen-style-1.0.1.tgz",
      "integrity": "sha512-1ymibo1Nf5IziAq5BXGNEyBse30f8uyNo1dAU67NeSsvE37RsohX5pqJlE3ucSMxIbC7/mwl4wlj3ss/ESyiRQ=="
    }
  }
}
